
Microsoft Visual Studio Solution File, Format Version 12.00
# Visual Studio Version 16
VisualStudioVersion = 16.0.29503.13
MinimumVisualStudioVersion = 10.0.40219.1
Project("{9A19103F-16F7-4668-BE54-9A1E7A4F7556}") = "app", "app.csproj", "{BCCF101E-FB4F-4DB2-9A0B-67FAB4FAA095}"
EndProject
Global
	GlobalSection(SolutionConfigurationPlatforms) = preSolution
		Debug|Any CPU = Debug|Any CPU
		Release|Any CPU = Release|Any CPU
	EndGlobalSection
	GlobalSection(ProjectConfigurationPlatforms) = postSolution
		{BCCF101E-FB4F-4DB2-9A0B-67FAB4FAA095}.Debug|Any CPU.ActiveCfg = Debug|Any CPU
		{BCCF101E-FB4F-4DB2-9A0B-67FAB4FAA095}.Debug|Any CPU.Build.0 = Debug|Any CPU
		{BCCF101E-FB4F-4DB2-9A0B-67FAB4FAA095}.Release|Any CPU.ActiveCfg = Release|Any CPU
		{BCCF101E-FB4F-4DB2-9A0B-67FAB4FAA095}.Release|Any CPU.Build.0 = Release|Any CPU
	EndGlobalSection
	GlobalSection(SolutionProperties) = preSolution
		HideSolutionNode = FALSE
	EndGlobalSection
	GlobalSection(ExtensibilityGlobals) = postSolution
		SolutionGuid = {3D8F5F25-7736-4364-AB31-E8F69151B801}
	EndGlobalSection
EndGlobal
